// !$*UTF8*$!
{
	archiveVersion = 1;
	classes = {
	};
	objectVersion = 46;
	objects = {

/* Begin PBXBuildFile section */
		33142928473E42B78014D6F1 /* libPods-UIButton+Accessory.a in Frameworks */ = {isa = PBXBuildFile; fileRef = 3A51D1948B8E42A08F86AE9D /* libPods-UIButton+Accessory.a */; };
		7F254D35332643E6B3C1D75E /* libPods-UIButton+AccessoryTests.a in Frameworks */ = {isa = PBXBuildFile; fileRef = 8E690A7AD35F4FC687146145 /* libPods-UIButton+AccessoryTests.a */; };
		CCF4E756181DB56000EE26AA /* Foundation.framework in Frameworks */ = {isa = PBXBuildFile; fileRef = CCF4E755181DB56000EE26AA /* Foundation.framework */; };
		CCF4E758181DB56000EE26AA /* CoreGraphics.framework in Frameworks */ = {isa = PBXBuildFile; fileRef = CCF4E757181DB56000EE26AA /* CoreGraphics.framework */; };
		CCF4E75A181DB56000EE26AA /* UIKit.framework in Frameworks */ = {isa = PBXBuildFile; fileRef = CCF4E759181DB56000EE26AA /* UIKit.framework */; };
		CCF4E762181DB56000EE26AA /* main.m in Sources */ = {isa = PBXBuildFile; fileRef = CCF4E761181DB56000EE26AA /* main.m */; };
		CCF4E766181DB56000EE26AA /* AppDelegate.m in Sources */ = {isa = PBXBuildFile; fileRef = CCF4E765181DB56000EE26AA /* AppDelegate.m */; };
		CCF4E76F181DB56000EE26AA /* XCTest.framework in Frameworks */ = {isa = PBXBuildFile; fileRef = CCF4E76E181DB56000EE26AA /* XCTest.framework */; };
		CCF4E770181DB56000EE26AA /* Foundation.framework in Frameworks */ = {isa = PBXBuildFile; fileRef = CCF4E755181DB56000EE26AA /* Foundation.framework */; };
		CCF4E771181DB56000EE26AA /* UIKit.framework in Frameworks */ = {isa = PBXBuildFile; fileRef = CCF4E759181DB56000EE26AA /* UIKit.framework */; };
		CCF4E779181DB56000EE26AA /* InfoPlist.strings in Resources */ = {isa = PBXBuildFile; fileRef = CCF4E777181DB56000EE26AA /* InfoPlist.strings */; };
		CCF4E77B181DB56000EE26AA /* UIButtonAccessoryTests.m in Sources */ = {isa = PBXBuildFile; fileRef = CCF4E77A181DB56000EE26AA /* UIButtonAccessoryTests.m */; };
/* End PBXBuildFile section */

/* Begin PBXContainerItemProxy section */
		CCF4E772181DB56000EE26AA /* PBXContainerItemProxy */ = {
			isa = PBXContainerItemProxy;
			containerPortal = CCF4E74A181DB56000EE26AA /* Project object */;
			proxyType = 1;
			remoteGlobalIDString = CCF4E751181DB56000EE26AA;
			remoteInfo = "UIButton+Accessory";
		};
/* End PBXContainerItemProxy section */

/* Begin PBXFileReference section */
		3A51D1948B8E42A08F86AE9D /* libPods-UIButton+Accessory.a */ = {isa = PBXFileReference; explicitFileType = archive.ar; includeInIndex = 0; path = "libPods-UIButton+Accessory.a"; sourceTree = BUILT_PRODUCTS_DIR; };
		8E690A7AD35F4FC687146145 /* libPods-UIButton+AccessoryTests.a */ = {isa = PBXFileReference; explicitFileType = archive.ar; includeInIndex = 0; path = "libPods-UIButton+AccessoryTests.a"; sourceTree = BUILT_PRODUCTS_DIR; };
		B126132C632F40CCADCF14F1 /* Pods-UIButton+Accessory.xcconfig */ = {isa = PBXFileReference; includeInIndex = 1; lastKnownFileType = text.xcconfig; name = "Pods-UIButton+Accessory.xcconfig"; path = "Pods/Pods-UIButton+Accessory.xcconfig"; sourceTree = "<group>"; };
		CCF4E752181DB56000EE26AA /* UIButton+Accessory.app */ = {isa = PBXFileReference; explicitFileType = wrapper.application; includeInIndex = 0; path = "UIButton+Accessory.app"; sourceTree = BUILT_PRODUCTS_DIR; };
		CCF4E755181DB56000EE26AA /* Foundation.framework */ = {isa = PBXFileReference; lastKnownFileType = wrapper.framework; name = Foundation.framework; path = System/Library/Frameworks/Foundation.framework; sourceTree = SDKROOT; };
		CCF4E757181DB56000EE26AA /* CoreGraphics.framework */ = {isa = PBXFileReference; lastKnownFileType = wrapper.framework; name = CoreGraphics.framework; path = System/Library/Frameworks/CoreGraphics.framework; sourceTree = SDKROOT; };
		CCF4E759181DB56000EE26AA /* UIKit.framework */ = {isa = PBXFileReference; lastKnownFileType = wrapper.framework; name = UIKit.framework; path = System/Library/Frameworks/UIKit.framework; sourceTree = SDKROOT; };
		CCF4E75D181DB56000EE26AA /* UIButton+Accessory-Info.plist */ = {isa = PBXFileReference; lastKnownFileType = text.plist.xml; path = "UIButton+Accessory-Info.plist"; sourceTree = "<group>"; };
		CCF4E761181DB56000EE26AA /* main.m */ = {isa = PBXFileReference; lastKnownFileType = sourcecode.c.objc; path = main.m; sourceTree = "<group>"; };
		CCF4E763181DB56000EE26AA /* UIButton+Accessory-Prefix.pch */ = {isa = PBXFileReference; lastKnownFileType = sourcecode.c.h; path = "UIButton+Accessory-Prefix.pch"; sourceTree = "<group>"; };
		CCF4E764181DB56000EE26AA /* AppDelegate.h */ = {isa = PBXFileReference; lastKnownFileType = sourcecode.c.h; path = AppDelegate.h; sourceTree = "<group>"; };
		CCF4E765181DB56000EE26AA /* AppDelegate.m */ = {isa = PBXFileReference; lastKnownFileType = sourcecode.c.objc; path = AppDelegate.m; sourceTree = "<group>"; };
		CCF4E76D181DB56000EE26AA /* UIButton+AccessoryTests.xctest */ = {isa = PBXFileReference; explicitFileType = wrapper.cfbundle; includeInIndex = 0; path = "UIButton+AccessoryTests.xctest"; sourceTree = BUILT_PRODUCTS_DIR; };
		CCF4E76E181DB56000EE26AA /* XCTest.framework */ = {isa = PBXFileReference; lastKnownFileType = wrapper.framework; name = XCTest.framework; path = Library/Frameworks/XCTest.framework; sourceTree = DEVELOPER_DIR; };
		CCF4E776181DB56000EE26AA /* UIButton+AccessoryTests-Info.plist */ = {isa = PBXFileReference; lastKnownFileType = text.plist.xml; path = "UIButton+AccessoryTests-Info.plist"; sourceTree = "<group>"; };
		CCF4E778181DB56000EE26AA /* en */ = {isa = PBXFileReference; lastKnownFileType = text.plist.strings; name = en; path = en.lproj/InfoPlist.strings; sourceTree = "<group>"; };
		CCF4E77A181DB56000EE26AA /* UIButtonAccessoryTests.m */ = {isa = PBXFileReference; lastKnownFileType = sourcecode.c.objc; path = UIButtonAccessoryTests.m; sourceTree = "<group>"; };
		EB148E76C5D14BD48EE45FE5 /* Pods-UIButton+AccessoryTests.xcconfig */ = {isa = PBXFileReference; includeInIndex = 1; lastKnownFileType = text.xcconfig; name = "Pods-UIButton+AccessoryTests.xcconfig"; path = "Pods/Pods-UIButton+AccessoryTests.xcconfig"; sourceTree = "<group>"; };
/* End PBXFileReference section */

/* Begin PBXFrameworksBuildPhase section */
		CCF4E74F181DB56000EE26AA /* Frameworks */ = {
			isa = PBXFrameworksBuildPhase;
			buildActionMask = 2147483647;
			files = (
				CCF4E758181DB56000EE26AA /* CoreGraphics.framework in Frameworks */,
				CCF4E75A181DB56000EE26AA /* UIKit.framework in Frameworks */,
				CCF4E756181DB56000EE26AA /* Foundation.framework in Frameworks */,
				33142928473E42B78014D6F1 /* libPods-UIButton+Accessory.a in Frameworks */,
			);
			runOnlyForDeploymentPostprocessing = 0;
		};
		CCF4E76A181DB56000EE26AA /* Frameworks */ = {
			isa = PBXFrameworksBuildPhase;
			buildActionMask = 2147483647;
			files = (
				CCF4E76F181DB56000EE26AA /* XCTest.framework in Frameworks */,
				CCF4E771181DB56000EE26AA /* UIKit.framework in Frameworks */,
				CCF4E770181DB56000EE26AA /* Foundation.framework in Frameworks */,
				7F254D35332643E6B3C1D75E /* libPods-UIButton+AccessoryTests.a in Frameworks */,
			);
			runOnlyForDeploymentPostprocessing = 0;
		};
/* End PBXFrameworksBuildPhase section */

/* Begin PBXGroup section */
		CCF4E749181DB56000EE26AA = {
			isa = PBXGroup;
			children = (
				CCF4E75B181DB56000EE26AA /* UIButton+Accessory */,
				CCF4E774181DB56000EE26AA /* UIButton+AccessoryTests */,
				CCF4E754181DB56000EE26AA /* Frameworks */,
				CCF4E753181DB56000EE26AA /* Products */,
				B126132C632F40CCADCF14F1 /* Pods-UIButton+Accessory.xcconfig */,
				EB148E76C5D14BD48EE45FE5 /* Pods-UIButton+AccessoryTests.xcconfig */,
			);
			sourceTree = "<group>";
		};
		CCF4E753181DB56000EE26AA /* Products */ = {
			isa = PBXGroup;
			children = (
				CCF4E752181DB56000EE26AA /* UIButton+Accessory.app */,
				CCF4E76D181DB56000EE26AA /* UIButton+AccessoryTests.xctest */,
			);
			name = Products;
			sourceTree = "<group>";
		};
		CCF4E754181DB56000EE26AA /* Frameworks */ = {
			isa = PBXGroup;
			children = (
				CCF4E755181DB56000EE26AA /* Foundation.framework */,
				CCF4E757181DB56000EE26AA /* CoreGraphics.framework */,
				CCF4E759181DB56000EE26AA /* UIKit.framework */,
				CCF4E76E181DB56000EE26AA /* XCTest.framework */,
				3A51D1948B8E42A08F86AE9D /* libPods-UIButton+Accessory.a */,
				8E690A7AD35F4FC687146145 /* libPods-UIButton+AccessoryTests.a */,
			);
			name = Frameworks;
			sourceTree = "<group>";
		};
		CCF4E75B181DB56000EE26AA /* UIButton+Accessory */ = {
			isa = PBXGroup;
			children = (
				CCF4E764181DB56000EE26AA /* AppDelegate.h */,
				CCF4E765181DB56000EE26AA /* AppDelegate.m */,
				CCF4E75C181DB56000EE26AA /* Supporting Files */,
			);
			path = "UIButton+Accessory";
			sourceTree = "<group>";
		};
		CCF4E75C181DB56000EE26AA /* Supporting Files */ = {
			isa = PBXGroup;
			children = (
				CCF4E75D181DB56000EE26AA /* UIButton+Accessory-Info.plist */,
				CCF4E761181DB56000EE26AA /* main.m */,
				CCF4E763181DB56000EE26AA /* UIButton+Accessory-Prefix.pch */,
			);
			name = "Supporting Files";
			sourceTree = "<group>";
		};
		CCF4E774181DB56000EE26AA /* UIButton+AccessoryTests */ = {
			isa = PBXGroup;
			children = (
				CCF4E77A181DB56000EE26AA /* UIButtonAccessoryTests.m */,
				CCF4E775181DB56000EE26AA /* Supporting Files */,
			);
			path = "UIButton+AccessoryTests";
			sourceTree = "<group>";
		};
		CCF4E775181DB56000EE26AA /* Supporting Files */ = {
			isa = PBXGroup;
			children = (
				CCF4E776181DB56000EE26AA /* UIButton+AccessoryTests-Info.plist */,
				CCF4E777181DB56000EE26AA /* InfoPlist.strings */,
			);
			name = "Supporting Files";
			sourceTree = "<group>";
		};
/* End PBXGroup section */

/* Begin PBXNativeTarget section */
		CCF4E751181DB56000EE26AA /* UIButton+Accessory */ = {
			isa = PBXNativeTarget;
			buildConfigurationList = CCF4E77E181DB56000EE26AA /* Build configuration list for PBXNativeTarget "UIButton+Accessory" */;
			buildPhases = (
				E22097E8407743DAB331888B /* Check Pods Manifest.lock */,
				CCF4E74E181DB56000EE26AA /* Sources */,
				CCF4E74F181DB56000EE26AA /* Frameworks */,
				CCF4E750181DB56000EE26AA /* Resources */,
				ACFD23F4ABD74044B0BBC188 /* Copy Pods Resources */,
			);
			buildRules = (
			);
			dependencies = (
			);
			name = "UIButton+Accessory";
			productName = "UIButton+Accessory";
			productReference = CCF4E752181DB56000EE26AA /* UIButton+Accessory.app */;
			productType = "com.apple.product-type.application";
		};
		CCF4E76C181DB56000EE26AA /* UIButton+AccessoryTests */ = {
			isa = PBXNativeTarget;
			buildConfigurationList = CCF4E781181DB56000EE26AA /* Build configuration list for PBXNativeTarget "UIButton+AccessoryTests" */;
			buildPhases = (
				0B107FA0268F4D20B6C944DA /* Check Pods Manifest.lock */,
				CCF4E769181DB56000EE26AA /* Sources */,
				CCF4E76A181DB56000EE26AA /* Frameworks */,
				CCF4E76B181DB56000EE26AA /* Resources */,
				2765706A19D4408A9333A62A /* Copy Pods Resources */,
			);
			buildRules = (
			);
			dependencies = (
				CCF4E773181DB56000EE26AA /* PBXTargetDependency */,
			);
			name = "UIButton+AccessoryTests";
			productName = "UIButton+AccessoryTests";
			productReference = CCF4E76D181DB56000EE26AA /* UIButton+AccessoryTests.xctest */;
			productType = "com.apple.product-type.bundle.unit-test";
		};
/* End PBXNativeTarget section */

/* Begin PBXProject section */
		CCF4E74A181DB56000EE26AA /* Project object */ = {
			isa = PBXProject;
			attributes = {
				LastUpgradeCheck = 0500;
				ORGANIZATIONNAME = "Bart van Zon";
				TargetAttributes = {
					CCF4E76C181DB56000EE26AA = {
						TestTargetID = CCF4E751181DB56000EE26AA;
					};
				};
			};
			buildConfigurationList = CCF4E74D181DB56000EE26AA /* Build configuration list for PBXProject "UIButton+Accessory" */;
			compatibilityVersion = "Xcode 3.2";
			developmentRegion = English;
			hasScannedForEncodings = 0;
			knownRegions = (
				en,
			);
			mainGroup = CCF4E749181DB56000EE26AA;
			productRefGroup = CCF4E753181DB56000EE26AA /* Products */;
			projectDirPath = "";
			projectRoot = "";
			targets = (
				CCF4E751181DB56000EE26AA /* UIButton+Accessory */,
				CCF4E76C181DB56000EE26AA /* UIButton+AccessoryTests */,
			);
		};
/* End PBXProject section */

/* Begin PBXResourcesBuildPhase section */
		CCF4E750181DB56000EE26AA /* Resources */ = {
			isa = PBXResourcesBuildPhase;
			buildActionMask = 2147483647;
			files = (
			);
			runOnlyForDeploymentPostprocessing = 0;
		};
		CCF4E76B181DB56000EE26AA /* Resources */ = {
			isa = PBXResourcesBuildPhase;
			buildActionMask = 2147483647;
			files = (
				CCF4E779181DB56000EE26AA /* InfoPlist.strings in Resources */,
			);
			runOnlyForDeploymentPostprocessing = 0;
		};
/* End PBXResourcesBuildPhase section */

/* Begin PBXShellScriptBuildPhase section */
		0B107FA0268F4D20B6C944DA /* Check Pods Manifest.lock */ = {
			isa = PBXShellScriptBuildPhase;
			buildActionMask = 2147483647;
			files = (
			);
			inputPaths = (
			);
			name = "Check Pods Manifest.lock";
			outputPaths = (
			);
			runOnlyForDeploymentPostprocessing = 0;
			shellPath = /bin/sh;
			shellScript = "diff \"${PODS_ROOT}/../Podfile.lock\" \"${PODS_ROOT}/Manifest.lock\" > /dev/null\nif [[ $? != 0 ]] ; then\n    cat << EOM\nerror: The sandbox is not in sync with the Podfile.lock. Run 'pod install' or update your CocoaPods installation.\nEOM\n    exit 1\nfi\n";
			showEnvVarsInLog = 0;
		};
		2765706A19D4408A9333A62A /* Copy Pods Resources */ = {
			isa = PBXShellScriptBuildPhase;
			buildActionMask = 2147483647;
			files = (
			);
			inputPaths = (
			);
			name = "Copy Pods Resources";
			outputPaths = (
			);
			runOnlyForDeploymentPostprocessing = 0;
			shellPath = /bin/sh;
			shellScript = "\"${SRCROOT}/Pods/Pods-UIButton+AccessoryTests-resources.sh\"\n";
			showEnvVarsInLog = 0;
		};
		ACFD23F4ABD74044B0BBC188 /* Copy Pods Resources */ = {
			isa = PBXShellScriptBuildPhase;
			buildActionMask = 2147483647;
			files = (
			);
			inputPaths = (
			);
			name = "Copy Pods Resources";
			outputPaths = (
			);
			runOnlyForDeploymentPostprocessing = 0;
			shellPath = /bin/sh;
			shellScript = "\"${SRCROOT}/Pods/Pods-UIButton+Accessory-resources.sh\"\n";
			showEnvVarsInLog = 0;
		};
		E22097E8407743DAB331888B /* Check Pods Manifest.lock */ = {
			isa = PBXShellScriptBuildPhase;
			buildActionMask = 2147483647;
			files = (
			);
			inputPaths = (
			);
			name = "Check Pods Manifest.lock";
			outputPaths = (
			);
			runOnlyForDeploymentPostprocessing = 0;
			shellPath = /bin/sh;
			shellScript = "diff \"${PODS_ROOT}/../Podfile.lock\" \"${PODS_ROOT}/Manifest.lock\" > /dev/null\nif [[ $? != 0 ]] ; then\n    cat << EOM\nerror: The sandbox is not in sync with the Podfile.lock. Run 'pod install' or update your CocoaPods installation.\nEOM\n    exit 1\nfi\n";
			showEnvVarsInLog = 0;
		};
/* End PBXShellScriptBuildPhase section */

/* Begin PBXSourcesBuildPhase section */
		CCF4E74E181DB56000EE26AA /* Sources */ = {
			isa = PBXSourcesBuildPhase;
			buildActionMask = 2147483647;
			files = (
				CCF4E766181DB56000EE26AA /* AppDelegate.m in Sources */,
				CCF4E762181DB56000EE26AA /* main.m in Sources */,
			);
			runOnlyForDeploymentPostprocessing = 0;
		};
		CCF4E769181DB56000EE26AA /* Sources */ = {
			isa = PBXSourcesBuildPhase;
			buildActionMask = 2147483647;
			files = (
				CCF4E77B181DB56000EE26AA /* UIButtonAccessoryTests.m in Sources */,
			);
			runOnlyForDeploymentPostprocessing = 0;
		};
/* End PBXSourcesBuildPhase section */

/* Begin PBXTargetDependency section */
		CCF4E773181DB56000EE26AA /* PBXTargetDependency */ = {
			isa = PBXTargetDependency;
			target = CCF4E751181DB56000EE26AA /* UIButton+Accessory */;
			targetProxy = CCF4E772181DB56000EE26AA /* PBXContainerItemProxy */;
		};
/* End PBXTargetDependency section */

/* Begin PBXVariantGroup section */
		CCF4E777181DB56000EE26AA /* InfoPlist.strings */ = {
			isa = PBXVariantGroup;
			children = (
				CCF4E778181DB56000EE26AA /* en */,
			);
			name = InfoPlist.strings;
			sourceTree = "<group>";
		};
/* End PBXVariantGroup section */

/* Begin XCBuildConfiguration section */
		CCF4E77C181DB56000EE26AA /* Debug */ = {
			isa = XCBuildConfiguration;
			buildSettings = {
				ALWAYS_SEARCH_USER_PATHS = NO;
				ARCHS = "$(ARCHS_STANDARD_INCLUDING_64_BIT)";
				CLANG_CXX_LANGUAGE_STANDARD = "gnu++0x";
				CLANG_CXX_LIBRARY = "libc++";
				CLANG_ENABLE_MODULES = YES;
				CLANG_ENABLE_OBJC_ARC = YES;
				CLANG_WARN_BOOL_CONVERSION = YES;
				CLANG_WARN_CONSTANT_CONVERSION = YES;
				CLANG_WARN_DIRECT_OBJC_ISA_USAGE = YES_ERROR;
				CLANG_WARN_EMPTY_BODY = YES;
				CLANG_WARN_ENUM_CONVERSION = YES;
				CLANG_WARN_INT_CONVERSION = YES;
				CLANG_WARN_OBJC_ROOT_CLASS = YES_ERROR;
				CLANG_WARN__DUPLICATE_METHOD_MATCH = YES;
				"CODE_SIGN_IDENTITY[sdk=iphoneos*]" = "iPhone Developer";
				COPY_PHASE_STRIP = NO;
				GCC_C_LANGUAGE_STANDARD = gnu99;
				GCC_DYNAMIC_NO_PIC = NO;
				GCC_OPTIMIZATION_LEVEL = 0;
				GCC_PREPROCESSOR_DEFINITIONS = (
					"DEBUG=1",
					"$(inherited)",
				);
				GCC_SYMBOLS_PRIVATE_EXTERN = NO;
				GCC_WARN_64_TO_32_BIT_CONVERSION = YES;
				GCC_WARN_ABOUT_RETURN_TYPE = YES_ERROR;
				GCC_WARN_UNDECLARED_SELECTOR = YES;
				GCC_WARN_UNINITIALIZED_AUTOS = YES;
				GCC_WARN_UNUSED_FUNCTION = YES;
				GCC_WARN_UNUSED_VARIABLE = YES;
				IPHONEOS_DEPLOYMENT_TARGET = 7.0;
				ONLY_ACTIVE_ARCH = YES;
				SDKROOT = iphoneos;
			};
			name = Debug;
		};
		CCF4E77D181DB56000EE26AA /* Release */ = {
			isa = XCBuildConfiguration;
			buildSettings = {
				ALWAYS_SEARCH_USER_PATHS = NO;
				ARCHS = "$(ARCHS_STANDARD_INCLUDING_64_BIT)";
				CLANG_CXX_LANGUAGE_STANDARD = "gnu++0x";
				CLANG_CXX_LIBRARY = "libc++";
				CLANG_ENABLE_MODULES = YES;
				CLANG_ENABLE_OBJC_ARC = YES;
				CLANG_WARN_BOOL_CONVERSION = YES;
				CLANG_WARN_CONSTANT_CONVERSION = YES;
				CLANG_WARN_DIRECT_OBJC_ISA_USAGE = YES_ERROR;
				CLANG_WARN_EMPTY_BODY = YES;
				CLANG_WARN_ENUM_CONVERSION = YES;
				CLANG_WARN_INT_CONVERSION = YES;
				CLANG_WARN_OBJC_ROOT_CLASS = YES_ERROR;
				CLANG_WARN__DUPLICATE_METHOD_MATCH = YES;
				"CODE_SIGN_IDENTITY[sdk=iphoneos*]" = "iPhone Developer";
				COPY_PHASE_STRIP = YES;
				ENABLE_NS_ASSERTIONS = NO;
				GCC_C_LANGUAGE_STANDARD = gnu99;
				GCC_WARN_64_TO_32_BIT_CONVERSION = YES;
				GCC_WARN_ABOUT_RETURN_TYPE = YES_ERROR;
				GCC_WARN_UNDECLARED_SELECTOR = YES;
				GCC_WARN_UNINITIALIZED_AUTOS = YES;
				GCC_WARN_UNUSED_FUNCTION = YES;
				GCC_WARN_UNUSED_VARIABLE = YES;
				IPHONEOS_DEPLOYMENT_TARGET = 7.0;
				SDKROOT = iphoneos;
				VALIDATE_PRODUCT = YES;
			};
			name = Release;
		};
		CCF4E77F181DB56000EE26AA /* Debug */ = {
			isa = XCBuildConfiguration;
			baseConfigurationReference = B126132C632F40CCADCF14F1 /* Pods-UIButton+Accessory.xcconfig */;
			buildSettings = {
				GCC_PRECOMPILE_PREFIX_HEADER = YES;
				GCC_PREFIX_HEADER = "UIButton+Accessory/UIButton+Accessory-Prefix.pch";
				INFOPLIST_FILE = "UIButton+Accessory/UIButton+Accessory-Info.plist";
				PRODUCT_NAME = "$(TARGET_NAME)";
				WRAPPER_EXTENSION = app;
			};
			name = Debug;
		};
		CCF4E780181DB56000EE26AA /* Release */ = {
			isa = XCBuildConfiguration;
			baseConfigurationReference = B126132C632F40CCADCF14F1 /* Pods-UIButton+Accessory.xcconfig */;
			buildSettings = {
				GCC_PRECOMPILE_PREFIX_HEADER = YES;
				GCC_PREFIX_HEADER = "UIButton+Accessory/UIButton+Accessory-Prefix.pch";
				INFOPLIST_FILE = "UIButton+Accessory/UIButton+Accessory-Info.plist";
				PRODUCT_NAME = "$(TARGET_NAME)";
				WRAPPER_EXTENSION = app;
			};
			name = Release;
		};
		CCF4E782181DB56000EE26AA /* Debug */ = {
			isa = XCBuildConfiguration;
			baseConfigurationReference = EB148E76C5D14BD48EE45FE5 /* Pods-UIButton+AccessoryTests.xcconfig */;
			buildSettings = {
				ARCHS = "$(ARCHS_STANDARD_INCLUDING_64_BIT)";
				BUNDLE_LOADER = "$(BUILT_PRODUCTS_DIR)/UIButton+Accessory.app/UIButton+Accessory";
				FRAMEWORK_SEARCH_PATHS = (
					"$(SDKROOT)/Developer/Library/Frameworks",
					"$(inherited)",
					"$(DEVELOPER_FRAMEWORKS_DIR)",
				);
				GCC_PRECOMPILE_PREFIX_HEADER = YES;
				GCC_PREFIX_HEADER = "UIButton+Accessory/UIButton+Accessory-Prefix.pch";
				GCC_PREPROCESSOR_DEFINITIONS = (
					"DEBUG=1",
					"$(inherited)",
				);
				INFOPLIST_FILE = "UIButton+AccessoryTests/UIButton+AccessoryTests-Info.plist";
				PRODUCT_NAME = "$(TARGET_NAME)";
				TEST_HOST = "$(BUNDLE_LOADER)";
				WRAPPER_EXTENSION = xctest;
			};
			name = Debug;
		};
		CCF4E783181DB56000EE26AA /* Release */ = {
			isa = XCBuildConfiguration;
			baseConfigurationReference = EB148E76C5D14BD48EE45FE5 /* Pods-UIButton+AccessoryTests.xcconfig */;
			buildSettings = {
				ARCHS = "$(ARCHS_STANDARD_INCLUDING_64_BIT)";
				BUNDLE_LOADER = "$(BUILT_PRODUCTS_DIR)/UIButton+Accessory.app/UIButton+Accessory";
				FRAMEWORK_SEARCH_PATHS = (
					"$(SDKROOT)/Developer/Library/Frameworks",
					"$(inherited)",
					"$(DEVELOPER_FRAMEWORKS_DIR)",
				);
				GCC_PRECOMPILE_PREFIX_HEADER = YES;
				GCC_PREFIX_HEADER = "UIButton+Accessory/UIButton+Accessory-Prefix.pch";
				INFOPLIST_FILE = "UIButton+AccessoryTests/UIButton+AccessoryTests-Info.plist";
				PRODUCT_NAME = "$(TARGET_NAME)";
				TEST_HOST = "$(BUNDLE_LOADER)";
				WRAPPER_EXTENSION = xctest;
			};
			name = Release;
		};
/* End XCBuildConfiguration section */

/* Begin XCConfigurationList section */
		CCF4E74D181DB56000EE26AA /* Build configuration list for PBXProject "UIButton+Accessory" */ = {
			isa = XCConfigurationList;
			buildConfigurations = (
				CCF4E77C181DB56000EE26AA /* Debug */,
				CCF4E77D181DB56000EE26AA /* Release */,
			);
			defaultConfigurationIsVisible = 0;
			defaultConfigurationName = Release;
		};
		CCF4E77E181DB56000EE26AA /* Build configuration list for PBXNativeTarget "UIButton+Accessory" */ = {
			isa = XCConfigurationList;
			buildConfigurations = (
				CCF4E77F181DB56000EE26AA /* Debug */,
				CCF4E780181DB56000EE26AA /* Release */,
			);
			defaultConfigurationIsVisible = 0;
			defaultConfigurationName = Release;
		};
		CCF4E781181DB56000EE26AA /* Build configuration list for PBXNativeTarget "UIButton+AccessoryTests" */ = {
			isa = XCConfigurationList;
			buildConfigurations = (
				CCF4E782181DB56000EE26AA /* Debug */,
				CCF4E783181DB56000EE26AA /* Release */,
			);
			defaultConfigurationIsVisible = 0;
			defaultConfigurationName = Release;
		};
/* End XCConfigurationList section */
	};
	rootObject = CCF4E74A181DB56000EE26AA /* Project object */;
}
